
Microsoft Visual Studio Solution File, Format Version 12.00
# Visual Studio 15
VisualStudioVersion = 15.0.27703.2026
MinimumVisualStudioVersion = 10.0.40219.1
Project("{FAE04EC0-301F-11D3-BF4B-00C04F79EFBC}") = "SteamBot", "SteamBot\SteamBot.csproj", "{685BB210-CDFF-4CBC-B038-CF5343937A8B}"
EndProject
Global
	GlobalSection(SolutionConfigurationPlatforms) = preSolution
		Debug|Any CPU = Debug|Any CPU
		Release|Any CPU = Release|Any CPU
	EndGlobalSection
	GlobalSection(ProjectConfigurationPlatforms) = postSolution
		{685BB210-CDFF-4CBC-B038-CF5343937A8B}.Debug|Any CPU.ActiveCfg = Debug|Any CPU
		{685BB210-CDFF-4CBC-B038-CF5343937A8B}.Debug|Any CPU.Build.0 = Debug|Any CPU
		{685BB210-CDFF-4CBC-B038-CF5343937A8B}.Release|Any CPU.ActiveCfg = Release|Any CPU
		{685BB210-CDFF-4CBC-B038-CF5343937A8B}.Release|Any CPU.Build.0 = Release|Any CPU
	EndGlobalSection
	GlobalSection(SolutionProperties) = preSolution
		HideSolutionNode = FALSE
	EndGlobalSection
	GlobalSection(ExtensibilityGlobals) = postSolution
		SolutionGuid = {F5583A2F-0765-4BC1-9E08-69E443B6B000}
	EndGlobalSection
EndGlobal
